
Microsoft Visual Studio Solution File, Format Version 12.00
# Visual Studio 15
VisualStudioVersion = 15.0.27703.2035
MinimumVisualStudioVersion = 10.0.40219.1
Project("{FAE04EC0-301F-11D3-BF4B-00C04F79EFBC}") = "ProductService", "ProductService\ProductService.csproj", "{0F335177-AD27-4D99-8C4B-8B1A5273395E}"
EndProject
Global
	GlobalSection(SolutionConfigurationPlatforms) = preSolution
		Debug|Any CPU = Debug|Any CPU
		Release|Any CPU = Release|Any CPU
	EndGlobalSection
	GlobalSection(ProjectConfigurationPlatforms) = postSolution
		{0F335177-AD27-4D99-8C4B-8B1A5273395E}.Debug|Any CPU.ActiveCfg = Debug|Any CPU
		{0F335177-AD27-4D99-8C4B-8B1A5273395E}.Debug|Any CPU.Build.0 = Debug|Any CPU
		{0F335177-AD27-4D99-8C4B-8B1A5273395E}.Release|Any CPU.ActiveCfg = Release|Any CPU
		{0F335177-AD27-4D99-8C4B-8B1A5273395E}.Release|Any CPU.Build.0 = Release|Any CPU
	EndGlobalSection
	GlobalSection(SolutionProperties) = preSolution
		HideSolutionNode = FALSE
	EndGlobalSection
	GlobalSection(ExtensibilityGlobals) = postSolution
		SolutionGuid = {BBB0C379-031D-4221-AA64-BDC5ECABE1C2}
	EndGlobalSection
EndGlobal
